// !$*UTF8*$!
{
	archiveVersion = 1;
	classes = {
	};
	objectVersion = 46;
	objects = {

/* Begin PBXBuildFile section */
		8E00F9DFC9B85D470E615D27 /* libPods.a in Frameworks */ = {isa = PBXBuildFile; fileRef = EE3629360D74BA2925559B4A /* libPods.a */; };
		BB30123C1B6FB2B900E95D40 /* MainLabelNode.swift in Sources */ = {isa = PBXBuildFile; fileRef = BB30123B1B6FB2B900E95D40 /* MainLabelNode.swift */; };
		BB30123E1B6FB3A700E95D40 /* GameSummary.swift in Sources */ = {isa = PBXBuildFile; fileRef = BB30123D1B6FB3A700E95D40 /* GameSummary.swift */; };
		BB3012421B6FB71200E95D40 /* TappableMainLabel.swift in Sources */ = {isa = PBXBuildFile; fileRef = BB3012411B6FB71200E95D40 /* TappableMainLabel.swift */; };
		BB9247761B58781C00138AAD /* FirebasePlayer.swift in Sources */ = {isa = PBXBuildFile; fileRef = BB9247751B58781C00138AAD /* FirebasePlayer.swift */; };
		BB97C2151B723BFA0066FF34 /* SinglePlayerHud.swift in Sources */ = {isa = PBXBuildFile; fileRef = BB97C2141B723BFA0066FF34 /* SinglePlayerHud.swift */; };
		BB97C21A1B72D39C0066FF34 /* MultiplayerScene.swift in Sources */ = {isa = PBXBuildFile; fileRef = BB97C2191B72D39C0066FF34 /* MultiplayerScene.swift */; };
		BB97C21C1B7381CE0066FF34 /* MatchmakingScene.swift in Sources */ = {isa = PBXBuildFile; fileRef = BB97C21B1B7381CE0066FF34 /* MatchmakingScene.swift */; };
		BB97C21E1B73897E0066FF34 /* TappyBaseActions.swift in Sources */ = {isa = PBXBuildFile; fileRef = BB97C21D1B73897E0066FF34 /* TappyBaseActions.swift */; };
		BB97C2211B738B110066FF34 /* FindingLabel.swift in Sources */ = {isa = PBXBuildFile; fileRef = BB97C2201B738B110066FF34 /* FindingLabel.swift */; };
		BB97C2231B738B9D0066FF34 /* FadingLabel.swift in Sources */ = {isa = PBXBuildFile; fileRef = BB97C2221B738B9D0066FF34 /* FadingLabel.swift */; };
		BB97C2251B7390300066FF34 /* MainFontLabel.swift in Sources */ = {isa = PBXBuildFile; fileRef = BB97C2241B7390300066FF34 /* MainFontLabel.swift */; };
		BB97C2271B7396E40066FF34 /* MatchLabel.swift in Sources */ = {isa = PBXBuildFile; fileRef = BB97C2261B7396E40066FF34 /* MatchLabel.swift */; };
		BBA138381B5B3D63005FAEEC /* GameOverScene.swift in Sources */ = {isa = PBXBuildFile; fileRef = BBA138371B5B3D63005FAEEC /* GameOverScene.swift */; };
		BBA1383A1B5B3F4A005FAEEC /* game-over.mp3 in Resources */ = {isa = PBXBuildFile; fileRef = BBA138391B5B3F4A005FAEEC /* game-over.mp3 */; };
		BBA1383C1B5B4007005FAEEC /* 8-bit-music.mp3 in Resources */ = {isa = PBXBuildFile; fileRef = BBA1383B1B5B4007005FAEEC /* 8-bit-music.mp3 */; };
		BBA1383E1B5B4029005FAEEC /* sunny-music.mp3 in Resources */ = {isa = PBXBuildFile; fileRef = BBA1383D1B5B4029005FAEEC /* sunny-music.mp3 */; };
		BBBD121B1B567D5D0011CC6D /* AppDelegate.swift in Sources */ = {isa = PBXBuildFile; fileRef = BBBD121A1B567D5D0011CC6D /* AppDelegate.swift */; };
		BBBD121D1B567D5D0011CC6D /* GameScene.sks in Resources */ = {isa = PBXBuildFile; fileRef = BBBD121C1B567D5D0011CC6D /* GameScene.sks */; };
		BBBD121F1B567D5D0011CC6D /* TitleGameScene.swift in Sources */ = {isa = PBXBuildFile; fileRef = BBBD121E1B567D5D0011CC6D /* TitleGameScene.swift */; };
		BBBD12211B567D5D0011CC6D /* GameViewController.swift in Sources */ = {isa = PBXBuildFile; fileRef = BBBD12201B567D5D0011CC6D /* GameViewController.swift */; };
		BBBD12241B567D5D0011CC6D /* Main.storyboard in Resources */ = {isa = PBXBuildFile; fileRef = BBBD12221B567D5D0011CC6D /* Main.storyboard */; };
		BBBD12261B567D5D0011CC6D /* Images.xcassets in Resources */ = {isa = PBXBuildFile; fileRef = BBBD12251B567D5D0011CC6D /* Images.xcassets */; };
		BBBD12291B567D5D0011CC6D /* LaunchScreen.xib in Resources */ = {isa = PBXBuildFile; fileRef = BBBD12271B567D5D0011CC6D /* LaunchScreen.xib */; };
		BBBD12351B567D5D0011CC6D /* TappyBaseTests.swift in Sources */ = {isa = PBXBuildFile; fileRef = BBBD12341B567D5D0011CC6D /* TappyBaseTests.swift */; };
		BBBD12411B5689920011CC6D /* tapped-base.wav in Resources */ = {isa = PBXBuildFile; fileRef = BBBD123F1B5689920011CC6D /* tapped-base.wav */; };
		BBBD12421B5689920011CC6D /* title-music.mp3 in Resources */ = {isa = PBXBuildFile; fileRef = BBBD12401B5689920011CC6D /* title-music.mp3 */; };
		BBBD12441B5689DE0011CC6D /* base-tap.wav in Resources */ = {isa = PBXBuildFile; fileRef = BBBD12431B5689DE0011CC6D /* base-tap.wav */; };
		BBBD12461B5689E80011CC6D /* background-play.wav in Resources */ = {isa = PBXBuildFile; fileRef = BBBD12451B5689E80011CC6D /* background-play.wav */; };
		BBBD12501B568C530011CC6D /* Helpers.swift in Sources */ = {isa = PBXBuildFile; fileRef = BBBD124F1B568C530011CC6D /* Helpers.swift */; };
		BBBD12531B568F920011CC6D /* FirebaseSpriteNode.swift in Sources */ = {isa = PBXBuildFile; fileRef = BBBD12521B568F920011CC6D /* FirebaseSpriteNode.swift */; };
		BBBD12551B568FD10011CC6D /* FirebaseNode.swift in Sources */ = {isa = PBXBuildFile; fileRef = BBBD12541B568FD10011CC6D /* FirebaseNode.swift */; };
		BBBD12571B569AF90011CC6D /* MainGameScene.swift in Sources */ = {isa = PBXBuildFile; fileRef = BBBD12561B569AF90011CC6D /* MainGameScene.swift */; };
		BBBD12591B56C11A0011CC6D /* PressStart2P.ttf in Resources */ = {isa = PBXBuildFile; fileRef = BBBD12581B56C11A0011CC6D /* PressStart2P.ttf */; };
		BBBD125B1B56D13D0011CC6D /* missed-base.wav in Resources */ = {isa = PBXBuildFile; fileRef = BBBD125A1B56D13D0011CC6D /* missed-base.wav */; };
		BBBF0C9C1B61CC6C008EA651 /* sprites.atlas in Resources */ = {isa = PBXBuildFile; fileRef = BBBF0C9B1B61CC6C008EA651 /* sprites.atlas */; };
		BBBF0C9F1B64423F008EA651 /* CloudSprite.swift in Sources */ = {isa = PBXBuildFile; fileRef = BBBF0C9E1B64423F008EA651 /* CloudSprite.swift */; };
		BBBF0CA11B657C84008EA651 /* FirebaseSprite.swift in Sources */ = {isa = PBXBuildFile; fileRef = BBBF0CA01B657C84008EA651 /* FirebaseSprite.swift */; };
		BBBF0CA41B657DDA008EA651 /* TappyBaseColors.swift in Sources */ = {isa = PBXBuildFile; fileRef = BBBF0CA31B657DDA008EA651 /* TappyBaseColors.swift */; };
		BBBF0CA61B657DFA008EA651 /* TappyBaseImages.swift in Sources */ = {isa = PBXBuildFile; fileRef = BBBF0CA51B657DFA008EA651 /* TappyBaseImages.swift */; };
		BBBF0CA81B657E3C008EA651 /* TappyBaseSounds.swift in Sources */ = {isa = PBXBuildFile; fileRef = BBBF0CA71B657E3C008EA651 /* TappyBaseSounds.swift */; };
		BBBF0CAA1B657E93008EA651 /* SKTexture.swift in Sources */ = {isa = PBXBuildFile; fileRef = BBBF0CA91B657E93008EA651 /* SKTexture.swift */; };
		BBBF0CAC1B667DB3008EA651 /* SinglePlayerScene.swift in Sources */ = {isa = PBXBuildFile; fileRef = BBBF0CAB1B667DB3008EA651 /* SinglePlayerScene.swift */; };
		BBBF0CAF1B668901008EA651 /* TappableNode.swift in Sources */ = {isa = PBXBuildFile; fileRef = BBBF0CAE1B668901008EA651 /* TappableNode.swift */; };
		BBBF0CB11B668F30008EA651 /* CloudScene.swift in Sources */ = {isa = PBXBuildFile; fileRef = BBBF0CB01B668F30008EA651 /* CloudScene.swift */; };
		BBBF0CB51B669664008EA651 /* GradientNode.swift in Sources */ = {isa = PBXBuildFile; fileRef = BBBF0CB41B669664008EA651 /* GradientNode.swift */; };
		BBBF0CB71B669F39008EA651 /* TappableScene.swift in Sources */ = {isa = PBXBuildFile; fileRef = BBBF0CB61B669F39008EA651 /* TappableScene.swift */; };
		BBBF0CC11B66AB5A008EA651 /* FirebaseCloudScene.swift in Sources */ = {isa = PBXBuildFile; fileRef = BBBF0CC01B66AB5A008EA651 /* FirebaseCloudScene.swift */; };
		BBBF0CC31B66AB8D008EA651 /* PlayButton.swift in Sources */ = {isa = PBXBuildFile; fileRef = BBBF0CC21B66AB8D008EA651 /* PlayButton.swift */; };
		BBBF0CC51B66AC00008EA651 /* TappBaseFonts.swift in Sources */ = {isa = PBXBuildFile; fileRef = BBBF0CC41B66AC00008EA651 /* TappBaseFonts.swift */; };
		BBBF0CC91B66AD68008EA651 /* TitleLabel.swift in Sources */ = {isa = PBXBuildFile; fileRef = BBBF0CC81B66AD68008EA651 /* TitleLabel.swift */; };
		BBBF0CCB1B66BC28008EA651 /* UpdateIntervalScene.swift in Sources */ = {isa = PBXBuildFile; fileRef = BBBF0CCA1B66BC28008EA651 /* UpdateIntervalScene.swift */; };
		BBBF0CCD1B66BF1B008EA651 /* Player.swift in Sources */ = {isa = PBXBuildFile; fileRef = BBBF0CCC1B66BF1B008EA651 /* Player.swift */; };
		BBBF0CD11B67A0F9008EA651 /* TappableFirebaseSprite.swift in Sources */ = {isa = PBXBuildFile; fileRef = BBBF0CD01B67A0F9008EA651 /* TappableFirebaseSprite.swift */; };
		BBBF0CD31B67A1A2008EA651 /* Game.swift in Sources */ = {isa = PBXBuildFile; fileRef = BBBF0CD21B67A1A2008EA651 /* Game.swift */; };
		BBF4D2FC1B67C55D00196F8E /* BoltSprite.swift in Sources */ = {isa = PBXBuildFile; fileRef = BBF4D2FB1B67C55D00196F8E /* BoltSprite.swift */; };
		BBF4D2FF1B6A500E00196F8E /* lifeup-2.wav in Resources */ = {isa = PBXBuildFile; fileRef = BBF4D2FD1B6A500E00196F8E /* lifeup-2.wav */; };
		BBF4D3001B6A500E00196F8E /* lifeup.wav in Resources */ = {isa = PBXBuildFile; fileRef = BBF4D2FE1B6A500E00196F8E /* lifeup.wav */; };
		BBF4D3021B6A505600196F8E /* TappableBoltSprite.swift in Sources */ = {isa = PBXBuildFile; fileRef = BBF4D3011B6A505600196F8E /* TappableBoltSprite.swift */; };
		BBF4D3041B6A5B9900196F8E /* PauseButton.swift in Sources */ = {isa = PBXBuildFile; fileRef = BBF4D3031B6A5B9900196F8E /* PauseButton.swift */; };
		BBF4D3071B6B51FC00196F8E /* Stage.swift in Sources */ = {isa = PBXBuildFile; fileRef = BBF4D3061B6B51FC00196F8E /* Stage.swift */; };
		BBF4D3091B6BF57700196F8E /* stages.json in Resources */ = {isa = PBXBuildFile; fileRef = BBF4D3081B6BF57700196F8E /* stages.json */; };
		BBF4D30F1B6C092F00196F8E /* TappyBaseStages.swift in Sources */ = {isa = PBXBuildFile; fileRef = BBF4D30E1B6C092F00196F8E /* TappyBaseStages.swift */; };
/* End PBXBuildFile section */

/* Begin PBXContainerItemProxy section */
		BBBD122F1B567D5D0011CC6D /* PBXContainerItemProxy */ = {
			isa = PBXContainerItemProxy;
			containerPortal = BBBD120D1B567D5D0011CC6D /* Project object */;
			proxyType = 1;
			remoteGlobalIDString = BBBD12141B567D5D0011CC6D;
			remoteInfo = TappyBase;
		};
/* End PBXContainerItemProxy section */

/* Begin PBXFileReference section */
		47454BC61F3F63F7B5952D28 /* Pods.release.xcconfig */ = {isa = PBXFileReference; includeInIndex = 1; lastKnownFileType = text.xcconfig; name = Pods.release.xcconfig; path = "Pods/Target Support Files/Pods/Pods.release.xcconfig"; sourceTree = "<group>"; };
		BB30123B1B6FB2B900E95D40 /* MainLabelNode.swift */ = {isa = PBXFileReference; fileEncoding = 4; lastKnownFileType = sourcecode.swift; path = MainLabelNode.swift; sourceTree = "<group>"; };
		BB30123D1B6FB3A700E95D40 /* GameSummary.swift */ = {isa = PBXFileReference; fileEncoding = 4; lastKnownFileType = sourcecode.swift; path = GameSummary.swift; sourceTree = "<group>"; };
		BB3012411B6FB71200E95D40 /* TappableMainLabel.swift */ = {isa = PBXFileReference; fileEncoding = 4; lastKnownFileType = sourcecode.swift; path = TappableMainLabel.swift; sourceTree = "<group>"; };
		BB9247751B58781C00138AAD /* FirebasePlayer.swift */ = {isa = PBXFileReference; fileEncoding = 4; lastKnownFileType = sourcecode.swift; path = FirebasePlayer.swift; sourceTree = "<group>"; };
		BB97C2141B723BFA0066FF34 /* SinglePlayerHud.swift */ = {isa = PBXFileReference; fileEncoding = 4; lastKnownFileType = sourcecode.swift; path = SinglePlayerHud.swift; sourceTree = "<group>"; };
		BB97C2191B72D39C0066FF34 /* MultiplayerScene.swift */ = {isa = PBXFileReference; fileEncoding = 4; lastKnownFileType = sourcecode.swift; path = MultiplayerScene.swift; sourceTree = "<group>"; };
		BB97C21B1B7381CE0066FF34 /* MatchmakingScene.swift */ = {isa = PBXFileReference; fileEncoding = 4; lastKnownFileType = sourcecode.swift; path = MatchmakingScene.swift; sourceTree = "<group>"; };
		BB97C21D1B73897E0066FF34 /* TappyBaseActions.swift */ = {isa = PBXFileReference; fileEncoding = 4; lastKnownFileType = sourcecode.swift; path = TappyBaseActions.swift; sourceTree = "<group>"; };
		BB97C2201B738B110066FF34 /* FindingLabel.swift */ = {isa = PBXFileReference; fileEncoding = 4; lastKnownFileType = sourcecode.swift; path = FindingLabel.swift; sourceTree = "<group>"; };
		BB97C2221B738B9D0066FF34 /* FadingLabel.swift */ = {isa = PBXFileReference; fileEncoding = 4; lastKnownFileType = sourcecode.swift; path = FadingLabel.swift; sourceTree = "<group>"; };
		BB97C2241B7390300066FF34 /* MainFontLabel.swift */ = {isa = PBXFileReference; fileEncoding = 4; lastKnownFileType = sourcecode.swift; path = MainFontLabel.swift; sourceTree = "<group>"; };
		BB97C2261B7396E40066FF34 /* MatchLabel.swift */ = {isa = PBXFileReference; fileEncoding = 4; lastKnownFileType = sourcecode.swift; path = MatchLabel.swift; sourceTree = "<group>"; };
		BBA138371B5B3D63005FAEEC /* GameOverScene.swift */ = {isa = PBXFileReference; fileEncoding = 4; lastKnownFileType = sourcecode.swift; path = GameOverScene.swift; sourceTree = "<group>"; };
		BBA138391B5B3F4A005FAEEC /* game-over.mp3 */ = {isa = PBXFileReference; lastKnownFileType = audio.mp3; path = "game-over.mp3"; sourceTree = "<group>"; };
		BBA1383B1B5B4007005FAEEC /* 8-bit-music.mp3 */ = {isa = PBXFileReference; lastKnownFileType = audio.mp3; path = "8-bit-music.mp3"; sourceTree = "<group>"; };
		BBA1383D1B5B4029005FAEEC /* sunny-music.mp3 */ = {isa = PBXFileReference; lastKnownFileType = audio.mp3; path = "sunny-music.mp3"; sourceTree = "<group>"; };
		BBBD12151B567D5D0011CC6D /* TappyBase.app */ = {isa = PBXFileReference; explicitFileType = wrapper.application; includeInIndex = 0; path = TappyBase.app; sourceTree = BUILT_PRODUCTS_DIR; };
		BBBD12191B567D5D0011CC6D /* Info.plist */ = {isa = PBXFileReference; lastKnownFileType = text.plist.xml; path = Info.plist; sourceTree = "<group>"; };
		BBBD121A1B567D5D0011CC6D /* AppDelegate.swift */ = {isa = PBXFileReference; lastKnownFileType = sourcecode.swift; path = AppDelegate.swift; sourceTree = "<group>"; };
		BBBD121C1B567D5D0011CC6D /* GameScene.sks */ = {isa = PBXFileReference; lastKnownFileType = file.sks; path = GameScene.sks; sourceTree = "<group>"; };
		BBBD121E1B567D5D0011CC6D /* TitleGameScene.swift */ = {isa = PBXFileReference; lastKnownFileType = sourcecode.swift; path = TitleGameScene.swift; sourceTree = "<group>"; };
		BBBD12201B567D5D0011CC6D /* GameViewController.swift */ = {isa = PBXFileReference; lastKnownFileType = sourcecode.swift; path = GameViewController.swift; sourceTree = "<group>"; };
		BBBD12231B567D5D0011CC6D /* Base */ = {isa = PBXFileReference; lastKnownFileType = file.storyboard; name = Base; path = Base.lproj/Main.storyboard; sourceTree = "<group>"; };
		BBBD12251B567D5D0011CC6D /* Images.xcassets */ = {isa = PBXFileReference; lastKnownFileType = folder.assetcatalog; path = Images.xcassets; sourceTree = "<group>"; };
		BBBD12281B567D5D0011CC6D /* Base */ = {isa = PBXFileReference; lastKnownFileType = file.xib; name = Base; path = Base.lproj/LaunchScreen.xib; sourceTree = "<group>"; };
		BBBD122E1B567D5D0011CC6D /* TappyBaseTests.xctest */ = {isa = PBXFileReference; explicitFileType = wrapper.cfbundle; includeInIndex = 0; path = TappyBaseTests.xctest; sourceTree = BUILT_PRODUCTS_DIR; };
		BBBD12331B567D5D0011CC6D /* Info.plist */ = {isa = PBXFileReference; lastKnownFileType = text.plist.xml; path = Info.plist; sourceTree = "<group>"; };
		BBBD12341B567D5D0011CC6D /* TappyBaseTests.swift */ = {isa = PBXFileReference; lastKnownFileType = sourcecode.swift; path = TappyBaseTests.swift; sourceTree = "<group>"; };
		BBBD123F1B5689920011CC6D /* tapped-base.wav */ = {isa = PBXFileReference; lastKnownFileType = audio.wav; path = "tapped-base.wav"; sourceTree = "<group>"; };
		BBBD12401B5689920011CC6D /* title-music.mp3 */ = {isa = PBXFileReference; lastKnownFileType = audio.mp3; path = "title-music.mp3"; sourceTree = "<group>"; };
		BBBD12431B5689DE0011CC6D /* base-tap.wav */ = {isa = PBXFileReference; lastKnownFileType = audio.wav; path = "base-tap.wav"; sourceTree = "<group>"; };
		BBBD12451B5689E80011CC6D /* background-play.wav */ = {isa = PBXFileReference; lastKnownFileType = audio.wav; path = "background-play.wav"; sourceTree = "<group>"; };
		BBBD124A1B568BDF0011CC6D /* TappyBase-Bridging-Header.h */ = {isa = PBXFileReference; lastKnownFileType = sourcecode.c.h; path = "TappyBase-Bridging-Header.h"; sourceTree = "<group>"; };
		BBBD124F1B568C530011CC6D /* Helpers.swift */ = {isa = PBXFileReference; fileEncoding = 4; lastKnownFileType = sourcecode.swift; path = Helpers.swift; sourceTree = "<group>"; };
		BBBD12521B568F920011CC6D /* FirebaseSpriteNode.swift */ = {isa = PBXFileReference; fileEncoding = 4; lastKnownFileType = sourcecode.swift; path = FirebaseSpriteNode.swift; sourceTree = "<group>"; };
		BBBD12541B568FD10011CC6D /* FirebaseNode.swift */ = {isa = PBXFileReference; fileEncoding = 4; lastKnownFileType = sourcecode.swift; path = FirebaseNode.swift; sourceTree = "<group>"; };
		BBBD12561B569AF90011CC6D /* MainGameScene.swift */ = {isa = PBXFileReference; fileEncoding = 4; lastKnownFileType = sourcecode.swift; path = MainGameScene.swift; sourceTree = "<group>"; };
		BBBD12581B56C11A0011CC6D /* PressStart2P.ttf */ = {isa = PBXFileReference; lastKnownFileType = file; path = PressStart2P.ttf; sourceTree = "<group>"; };
		BBBD125A1B56D13D0011CC6D /* missed-base.wav */ = {isa = PBXFileReference; lastKnownFileType = audio.wav; path = "missed-base.wav"; sourceTree = "<group>"; };
		BBBF0C9B1B61CC6C008EA651 /* sprites.atlas */ = {isa = PBXFileReference; lastKnownFileType = folder.skatlas; path = sprites.atlas; sourceTree = "<group>"; };
		BBBF0C9E1B64423F008EA651 /* CloudSprite.swift */ = {isa = PBXFileReference; fileEncoding = 4; lastKnownFileType = sourcecode.swift; path = CloudSprite.swift; sourceTree = "<group>"; };
		BBBF0CA01B657C84008EA651 /* FirebaseSprite.swift */ = {isa = PBXFileReference; fileEncoding = 4; lastKnownFileType = sourcecode.swift; path = FirebaseSprite.swift; sourceTree = "<group>"; };
		BBBF0CA31B657DDA008EA651 /* TappyBaseColors.swift */ = {isa = PBXFileReference; fileEncoding = 4; lastKnownFileType = sourcecode.swift; path = TappyBaseColors.swift; sourceTree = "<group>"; };
		BBBF0CA51B657DFA008EA651 /* TappyBaseImages.swift */ = {isa = PBXFileReference; fileEncoding = 4; lastKnownFileType = sourcecode.swift; path = TappyBaseImages.swift; sourceTree = "<group>"; };
		BBBF0CA71B657E3C008EA651 /* TappyBaseSounds.swift */ = {isa = PBXFileReference; fileEncoding = 4; lastKnownFileType = sourcecode.swift; path = TappyBaseSounds.swift; sourceTree = "<group>"; };
		BBBF0CA91B657E93008EA651 /* SKTexture.swift */ = {isa = PBXFileReference; fileEncoding = 4; lastKnownFileType = sourcecode.swift; path = SKTexture.swift; sourceTree = "<group>"; };
		BBBF0CAB1B667DB3008EA651 /* SinglePlayerScene.swift */ = {isa = PBXFileReference; fileEncoding = 4; lastKnownFileType = sourcecode.swift; path = SinglePlayerScene.swift; sourceTree = "<group>"; };
		BBBF0CAE1B668901008EA651 /* TappableNode.swift */ = {isa = PBXFileReference; fileEncoding = 4; lastKnownFileType = sourcecode.swift; path = TappableNode.swift; sourceTree = "<group>"; };
		BBBF0CB01B668F30008EA651 /* CloudScene.swift */ = {isa = PBXFileReference; fileEncoding = 4; lastKnownFileType = sourcecode.swift; path = CloudScene.swift; sourceTree = "<group>"; };
		BBBF0CB41B669664008EA651 /* GradientNode.swift */ = {isa = PBXFileReference; fileEncoding = 4; lastKnownFileType = sourcecode.swift; path = GradientNode.swift; sourceTree = "<group>"; };
		BBBF0CB61B669F39008EA651 /* TappableScene.swift */ = {isa = PBXFileReference; fileEncoding = 4; lastKnownFileType = sourcecode.swift; path = TappableScene.swift; sourceTree = "<group>"; };
		BBBF0CC01B66AB5A008EA651 /* FirebaseCloudScene.swift */ = {isa = PBXFileReference; fileEncoding = 4; lastKnownFileType = sourcecode.swift; path = FirebaseCloudScene.swift; sourceTree = "<group>"; };
		BBBF0CC21B66AB8D008EA651 /* PlayButton.swift */ = {isa = PBXFileReference; fileEncoding = 4; lastKnownFileType = sourcecode.swift; path = PlayButton.swift; sourceTree = "<group>"; };
		BBBF0CC41B66AC00008EA651 /* TappBaseFonts.swift */ = {isa = PBXFileReference; fileEncoding = 4; lastKnownFileType = sourcecode.swift; path = TappBaseFonts.swift; sourceTree = "<group>"; };
		BBBF0CC81B66AD68008EA651 /* TitleLabel.swift */ = {isa = PBXFileReference; fileEncoding = 4; lastKnownFileType = sourcecode.swift; path = TitleLabel.swift; sourceTree = "<group>"; };
		BBBF0CCA1B66BC28008EA651 /* UpdateIntervalScene.swift */ = {isa = PBXFileReference; fileEncoding = 4; lastKnownFileType = sourcecode.swift; path = UpdateIntervalScene.swift; sourceTree = "<group>"; };
		BBBF0CCC1B66BF1B008EA651 /* Player.swift */ = {isa = PBXFileReference; fileEncoding = 4; lastKnownFileType = sourcecode.swift; path = Player.swift; sourceTree = "<group>"; };
		BBBF0CD01B67A0F9008EA651 /* TappableFirebaseSprite.swift */ = {isa = PBXFileReference; fileEncoding = 4; lastKnownFileType = sourcecode.swift; path = TappableFirebaseSprite.swift; sourceTree = "<group>"; };
		BBBF0CD21B67A1A2008EA651 /* Game.swift */ = {isa = PBXFileReference; fileEncoding = 4; lastKnownFileType = sourcecode.swift; path = Game.swift; sourceTree = "<group>"; };
		BBF4D2FB1B67C55D00196F8E /* BoltSprite.swift */ = {isa = PBXFileReference; fileEncoding = 4; lastKnownFileType = sourcecode.swift; path = BoltSprite.swift; sourceTree = "<group>"; };
		BBF4D2FD1B6A500E00196F8E /* lifeup-2.wav */ = {isa = PBXFileReference; lastKnownFileType = audio.wav; path = "lifeup-2.wav"; sourceTree = "<group>"; };
		BBF4D2FE1B6A500E00196F8E /* lifeup.wav */ = {isa = PBXFileReference; lastKnownFileType = audio.wav; path = lifeup.wav; sourceTree = "<group>"; };
		BBF4D3011B6A505600196F8E /* TappableBoltSprite.swift */ = {isa = PBXFileReference; fileEncoding = 4; lastKnownFileType = sourcecode.swift; path = TappableBoltSprite.swift; sourceTree = "<group>"; };
		BBF4D3031B6A5B9900196F8E /* PauseButton.swift */ = {isa = PBXFileReference; fileEncoding = 4; lastKnownFileType = sourcecode.swift; path = PauseButton.swift; sourceTree = "<group>"; };
		BBF4D3061B6B51FC00196F8E /* Stage.swift */ = {isa = PBXFileReference; fileEncoding = 4; lastKnownFileType = sourcecode.swift; path = Stage.swift; sourceTree = "<group>"; };
		BBF4D3081B6BF57700196F8E /* stages.json */ = {isa = PBXFileReference; fileEncoding = 4; lastKnownFileType = text.json; path = stages.json; sourceTree = "<group>"; };
		BBF4D30E1B6C092F00196F8E /* TappyBaseStages.swift */ = {isa = PBXFileReference; fileEncoding = 4; lastKnownFileType = sourcecode.swift; path = TappyBaseStages.swift; sourceTree = "<group>"; };
		EABE7DB0FA3C0CB3E5ADC377 /* Pods.debug.xcconfig */ = {isa = PBXFileReference; includeInIndex = 1; lastKnownFileType = text.xcconfig; name = Pods.debug.xcconfig; path = "Pods/Target Support Files/Pods/Pods.debug.xcconfig"; sourceTree = "<group>"; };
		EE3629360D74BA2925559B4A /* libPods.a */ = {isa = PBXFileReference; explicitFileType = archive.ar; includeInIndex = 0; path = libPods.a; sourceTree = BUILT_PRODUCTS_DIR; };
/* End PBXFileReference section */

/* Begin PBXFrameworksBuildPhase section */
		BBBD12121B567D5D0011CC6D /* Frameworks */ = {
			isa = PBXFrameworksBuildPhase;
			buildActionMask = 2147483647;
			files = (
				8E00F9DFC9B85D470E615D27 /* libPods.a in Frameworks */,
			);
			runOnlyForDeploymentPostprocessing = 0;
		};
		BBBD122B1B567D5D0011CC6D /* Frameworks */ = {
			isa = PBXFrameworksBuildPhase;
			buildActionMask = 2147483647;
			files = (
			);
			runOnlyForDeploymentPostprocessing = 0;
		};
/* End PBXFrameworksBuildPhase section */

/* Begin PBXGroup section */
		04B27C3887E5F5F66FC7FC25 /* Frameworks */ = {
			isa = PBXGroup;
			children = (
				EE3629360D74BA2925559B4A /* libPods.a */,
			);
			name = Frameworks;
			sourceTree = "<group>";
		};
		6891D1597081378B446C5948 /* Pods */ = {
			isa = PBXGroup;
			children = (
				EABE7DB0FA3C0CB3E5ADC377 /* Pods.debug.xcconfig */,
				47454BC61F3F63F7B5952D28 /* Pods.release.xcconfig */,
			);
			name = Pods;
			sourceTree = "<group>";
		};
		BB30123F1B6FB6F000E95D40 /* Game Over Scene */ = {
			isa = PBXGroup;
			children = (
				BB3012401B6FB70900E95D40 /* UI */,
				BBA138371B5B3D63005FAEEC /* GameOverScene.swift */,
			);
			name = "Game Over Scene";
			sourceTree = "<group>";
		};
		BB3012401B6FB70900E95D40 /* UI */ = {
			isa = PBXGroup;
			children = (
			);
			name = UI;
			sourceTree = "<group>";
		};
		BB97C2181B72D2340066FF34 /* Multiplayer Scene */ = {
			isa = PBXGroup;
			children = (
				BB97C21F1B738B060066FF34 /* UI */,
				BB97C2191B72D39C0066FF34 /* MultiplayerScene.swift */,
				BB97C21B1B7381CE0066FF34 /* MatchmakingScene.swift */,
			);
			name = "Multiplayer Scene";
			sourceTree = "<group>";
		};
		BB97C21F1B738B060066FF34 /* UI */ = {
			isa = PBXGroup;
			children = (
				BB97C2201B738B110066FF34 /* FindingLabel.swift */,
				BB97C2261B7396E40066FF34 /* MatchLabel.swift */,
			);
			name = UI;
			sourceTree = "<group>";
		};
		BBBD120C1B567D5D0011CC6D = {
			isa = PBXGroup;
			children = (
				BBBF0C9B1B61CC6C008EA651 /* sprites.atlas */,
				BBBD12171B567D5D0011CC6D /* TappyBase */,
				BBBD12311B567D5D0011CC6D /* TappyBaseTests */,
				BBBD12161B567D5D0011CC6D /* Products */,
				6891D1597081378B446C5948 /* Pods */,
				04B27C3887E5F5F66FC7FC25 /* Frameworks */,
			);
			sourceTree = "<group>";
		};
		BBBD12161B567D5D0011CC6D /* Products */ = {
			isa = PBXGroup;
			children = (
				BBBD12151B567D5D0011CC6D /* TappyBase.app */,
				BBBD122E1B567D5D0011CC6D /* TappyBaseTests.xctest */,
			);
			name = Products;
			sourceTree = "<group>";
		};
		BBBD12171B567D5D0011CC6D /* TappyBase */ = {
			isa = PBXGroup;
			children = (
				BBBF0CAD1B6683CA008EA651 /* Base UI */,
				BBBF0C9D1B644231008EA651 /* Base Sprites */,
				BBBD12491B568BCD0011CC6D /* Base Scenes */,
				BBBF0CBA1B66AA22008EA651 /* Title Scene */,
				BBBF0CB91B66AA12008EA651 /* Single Player Scene */,
				BB97C2181B72D2340066FF34 /* Multiplayer Scene */,
				BB30123F1B6FB6F000E95D40 /* Game Over Scene */,
				BBBD124E1B568C170011CC6D /* Controllers */,
				BBBD12511B568F6D0011CC6D /* Models */,
				BBBD124D1B568BFA0011CC6D /* Layouts */,
				BBBD123E1B5689310011CC6D /* Sounds */,
				BBBF0CA21B657DB6008EA651 /* Utils */,
				BBBD12181B567D5D0011CC6D /* Supporting Files */,
				BBBD12251B567D5D0011CC6D /* Images.xcassets */,
			);
			path = TappyBase;
			sourceTree = "<group>";
		};
		BBBD12181B567D5D0011CC6D /* Supporting Files */ = {
			isa = PBXGroup;
			children = (
				BBBD121A1B567D5D0011CC6D /* AppDelegate.swift */,
				BBBD121C1B567D5D0011CC6D /* GameScene.sks */,
				BBBD12191B567D5D0011CC6D /* Info.plist */,
				BBBD124A1B568BDF0011CC6D /* TappyBase-Bridging-Header.h */,
				BBBD124F1B568C530011CC6D /* Helpers.swift */,
				BBBD12581B56C11A0011CC6D /* PressStart2P.ttf */,
				BBF4D3081B6BF57700196F8E /* stages.json */,
			);
			name = "Supporting Files";
			sourceTree = "<group>";
		};
		BBBD12311B567D5D0011CC6D /* TappyBaseTests */ = {
			isa = PBXGroup;
			children = (
				BBBD12341B567D5D0011CC6D /* TappyBaseTests.swift */,
				BBBD12321B567D5D0011CC6D /* Supporting Files */,
			);
			path = TappyBaseTests;
			sourceTree = "<group>";
		};
		BBBD12321B567D5D0011CC6D /* Supporting Files */ = {
			isa = PBXGroup;
			children = (
				BBBD12331B567D5D0011CC6D /* Info.plist */,
			);
			name = "Supporting Files";
			sourceTree = "<group>";
		};
		BBBD123E1B5689310011CC6D /* Sounds */ = {
			isa = PBXGroup;
			children = (
				BBF4D2FD1B6A500E00196F8E /* lifeup-2.wav */,
				BBF4D2FE1B6A500E00196F8E /* lifeup.wav */,
				BBA1383D1B5B4029005FAEEC /* sunny-music.mp3 */,
				BBA1383B1B5B4007005FAEEC /* 8-bit-music.mp3 */,
				BBA138391B5B3F4A005FAEEC /* game-over.mp3 */,
				BBBD125A1B56D13D0011CC6D /* missed-base.wav */,
				BBBD123F1B5689920011CC6D /* tapped-base.wav */,
				BBBD12451B5689E80011CC6D /* background-play.wav */,
				BBBD12431B5689DE0011CC6D /* base-tap.wav */,
				BBBD12401B5689920011CC6D /* title-music.mp3 */,
			);
			name = Sounds;
			sourceTree = "<group>";
		};
		BBBD12491B568BCD0011CC6D /* Base Scenes */ = {
			isa = PBXGroup;
			children = (
				BBBD12561B569AF90011CC6D /* MainGameScene.swift */,
				BBBF0CB01B668F30008EA651 /* CloudScene.swift */,
				BBBF0CB61B669F39008EA651 /* TappableScene.swift */,
				BBBF0CC01B66AB5A008EA651 /* FirebaseCloudScene.swift */,
				BBBF0CCA1B66BC28008EA651 /* UpdateIntervalScene.swift */,
			);
			name = "Base Scenes";
			sourceTree = "<group>";
		};
		BBBD124D1B568BFA0011CC6D /* Layouts */ = {
			isa = PBXGroup;
			children = (
				BBBD12221B567D5D0011CC6D /* Main.storyboard */,
				BBBD12271B567D5D0011CC6D /* LaunchScreen.xib */,
			);
			name = Layouts;
			path = ..;
			sourceTree = "<group>";
		};
		BBBD124E1B568C170011CC6D /* Controllers */ = {
			isa = PBXGroup;
			children = (
				BBBD12201B567D5D0011CC6D /* GameViewController.swift */,
			);
			name = Controllers;
			sourceTree = "<group>";
		};
		BBBD12511B568F6D0011CC6D /* Models */ = {
			isa = PBXGroup;
			children = (
				BBF4D3061B6B51FC00196F8E /* Stage.swift */,
				BBBD12521B568F920011CC6D /* FirebaseSpriteNode.swift */,
				BBBD12541B568FD10011CC6D /* FirebaseNode.swift */,
				BB9247751B58781C00138AAD /* FirebasePlayer.swift */,
				BBBF0CCC1B66BF1B008EA651 /* Player.swift */,
				BBBF0CD21B67A1A2008EA651 /* Game.swift */,
				BB30123D1B6FB3A700E95D40 /* GameSummary.swift */,
			);
			name = Models;
			sourceTree = "<group>";
		};
		BBBF0C9D1B644231008EA651 /* Base Sprites */ = {
			isa = PBXGroup;
			children = (
				BBBF0C9E1B64423F008EA651 /* CloudSprite.swift */,
				BBBF0CA01B657C84008EA651 /* FirebaseSprite.swift */,
				BBBF0CAE1B668901008EA651 /* TappableNode.swift */,
				BBF4D2FB1B67C55D00196F8E /* BoltSprite.swift */,
			);
			name = "Base Sprites";
			sourceTree = "<group>";
		};
		BBBF0CA21B657DB6008EA651 /* Utils */ = {
			isa = PBXGroup;
			children = (
				BBBF0CA31B657DDA008EA651 /* TappyBaseColors.swift */,
				BBBF0CA51B657DFA008EA651 /* TappyBaseImages.swift */,
				BBBF0CA71B657E3C008EA651 /* TappyBaseSounds.swift */,
				BBF4D30E1B6C092F00196F8E /* TappyBaseStages.swift */,
				BBBF0CC41B66AC00008EA651 /* TappBaseFonts.swift */,
				BBBF0CA91B657E93008EA651 /* SKTexture.swift */,
				BB97C21D1B73897E0066FF34 /* TappyBaseActions.swift */,
			);
			name = Utils;
			sourceTree = "<group>";
		};
		BBBF0CAD1B6683CA008EA651 /* Base UI */ = {
			isa = PBXGroup;
			children = (
				BBBF0CB41B669664008EA651 /* GradientNode.swift */,
				BBF4D3031B6A5B9900196F8E /* PauseButton.swift */,
				BB30123B1B6FB2B900E95D40 /* MainLabelNode.swift */,
				BB3012411B6FB71200E95D40 /* TappableMainLabel.swift */,
				BB97C2141B723BFA0066FF34 /* SinglePlayerHud.swift */,
				BB97C2221B738B9D0066FF34 /* FadingLabel.swift */,
				BB97C2241B7390300066FF34 /* MainFontLabel.swift */,
			);
			name = "Base UI";
			sourceTree = "<group>";
		};
		BBBF0CB91B66AA12008EA651 /* Single Player Scene */ = {
			isa = PBXGroup;
			children = (
				BBBF0CBC1B66AA65008EA651 /* UI */,
				BBBF0CBB1B66AA5F008EA651 /* Sprites */,
				BBBF0CAB1B667DB3008EA651 /* SinglePlayerScene.swift */,
			);
			name = "Single Player Scene";
			sourceTree = "<group>";
		};
		BBBF0CBA1B66AA22008EA651 /* Title Scene */ = {
			isa = PBXGroup;
			children = (
				BBBF0CBF1B66AADD008EA651 /* Sprites */,
				BBBF0CBE1B66AACA008EA651 /* UI */,
				BBBD121E1B567D5D0011CC6D /* TitleGameScene.swift */,
			);
			name = "Title Scene";
			sourceTree = "<group>";
		};
		BBBF0CBB1B66AA5F008EA651 /* Sprites */ = {
			isa = PBXGroup;
			children = (
				BBBF0CD01B67A0F9008EA651 /* TappableFirebaseSprite.swift */,
				BBF4D3011B6A505600196F8E /* TappableBoltSprite.swift */,
			);
			name = Sprites;
			sourceTree = "<group>";
		};
		BBBF0CBC1B66AA65008EA651 /* UI */ = {
			isa = PBXGroup;
			children = (
			);
			name = UI;
			sourceTree = "<group>";
		};
		BBBF0CBE1B66AACA008EA651 /* UI */ = {
			isa = PBXGroup;
			children = (
				BBBF0CC21B66AB8D008EA651 /* PlayButton.swift */,
				BBBF0CC81B66AD68008EA651 /* TitleLabel.swift */,
			);
			name = UI;
			sourceTree = "<group>";
		};
		BBBF0CBF1B66AADD008EA651 /* Sprites */ = {
			isa = PBXGroup;
			children = (
			);
			name = Sprites;
			sourceTree = "<group>";
		};
/* End PBXGroup section */

/* Begin PBXNativeTarget section */
		BBBD12141B567D5D0011CC6D /* TappyBase */ = {
			isa = PBXNativeTarget;
			buildConfigurationList = BBBD12381B567D5D0011CC6D /* Build configuration list for PBXNativeTarget "TappyBase" */;
			buildPhases = (
				711CD65F1BAC655855A6B545 /* Check Pods Manifest.lock */,
				BBBD12111B567D5D0011CC6D /* Sources */,
				BBBD12121B567D5D0011CC6D /* Frameworks */,
				BBBD12131B567D5D0011CC6D /* Resources */,
				D85561FFC249F245003D90C7 /* Copy Pods Resources */,
			);
			buildRules = (
			);
			dependencies = (
			);
			name = TappyBase;
			productName = TappyBase;
			productReference = BBBD12151B567D5D0011CC6D /* TappyBase.app */;
			productType = "com.apple.product-type.application";
		};
		BBBD122D1B567D5D0011CC6D /* TappyBaseTests */ = {
			isa = PBXNativeTarget;
			buildConfigurationList = BBBD123B1B567D5D0011CC6D /* Build configuration list for PBXNativeTarget "TappyBaseTests" */;
			buildPhases = (
				BBBD122A1B567D5D0011CC6D /* Sources */,
				BBBD122B1B567D5D0011CC6D /* Frameworks */,
				BBBD122C1B567D5D0011CC6D /* Resources */,
			);
			buildRules = (
			);
			dependencies = (
				BBBD12301B567D5D0011CC6D /* PBXTargetDependency */,
			);
			name = TappyBaseTests;
			productName = TappyBaseTests;
			productReference = BBBD122E1B567D5D0011CC6D /* TappyBaseTests.xctest */;
			productType = "com.apple.product-type.bundle.unit-test";
		};
/* End PBXNativeTarget section */

/* Begin PBXProject section */
		BBBD120D1B567D5D0011CC6D /* Project object */ = {
			isa = PBXProject;
			attributes = {
				LastSwiftUpdateCheck = 0700;
				LastUpgradeCheck = 0640;
				ORGANIZATIONNAME = davideast;
				TargetAttributes = {
					BBBD12141B567D5D0011CC6D = {
						CreatedOnToolsVersion = 6.4;
					};
					BBBD122D1B567D5D0011CC6D = {
						CreatedOnToolsVersion = 6.4;
						TestTargetID = BBBD12141B567D5D0011CC6D;
					};
				};
			};
			buildConfigurationList = BBBD12101B567D5D0011CC6D /* Build configuration list for PBXProject "TappyBase" */;
			compatibilityVersion = "Xcode 3.2";
			developmentRegion = English;
			hasScannedForEncodings = 0;
			knownRegions = (
				en,
				Base,
			);
			mainGroup = BBBD120C1B567D5D0011CC6D;
			productRefGroup = BBBD12161B567D5D0011CC6D /* Products */;
			projectDirPath = "";
			projectRoot = "";
			targets = (
				BBBD12141B567D5D0011CC6D /* TappyBase */,
				BBBD122D1B567D5D0011CC6D /* TappyBaseTests */,
			);
		};
/* End PBXProject section */

/* Begin PBXResourcesBuildPhase section */
		BBBD12131B567D5D0011CC6D /* Resources */ = {
			isa = PBXResourcesBuildPhase;
			buildActionMask = 2147483647;
			files = (
				BBBF0C9C1B61CC6C008EA651 /* sprites.atlas in Resources */,
				BBA1383E1B5B4029005FAEEC /* sunny-music.mp3 in Resources */,
				BBBD12591B56C11A0011CC6D /* PressStart2P.ttf in Resources */,
				BBBD12291B567D5D0011CC6D /* LaunchScreen.xib in Resources */,
				BBBD125B1B56D13D0011CC6D /* missed-base.wav in Resources */,
				BBF4D3091B6BF57700196F8E /* stages.json in Resources */,
				BBA1383C1B5B4007005FAEEC /* 8-bit-music.mp3 in Resources */,
				BBBD12261B567D5D0011CC6D /* Images.xcassets in Resources */,
				BBBD12461B5689E80011CC6D /* background-play.wav in Resources */,
				BBBD12411B5689920011CC6D /* tapped-base.wav in Resources */,
				BBBD12421B5689920011CC6D /* title-music.mp3 in Resources */,
				BBA1383A1B5B3F4A005FAEEC /* game-over.mp3 in Resources */,
				BBF4D3001B6A500E00196F8E /* lifeup.wav in Resources */,
				BBBD121D1B567D5D0011CC6D /* GameScene.sks in Resources */,
				BBBD12241B567D5D0011CC6D /* Main.storyboard in Resources */,
				BBBD12441B5689DE0011CC6D /* base-tap.wav in Resources */,
				BBF4D2FF1B6A500E00196F8E /* lifeup-2.wav in Resources */,
			);
			runOnlyForDeploymentPostprocessing = 0;
		};
		BBBD122C1B567D5D0011CC6D /* Resources */ = {
			isa = PBXResourcesBuildPhase;
			buildActionMask = 2147483647;
			files = (
			);
			runOnlyForDeploymentPostprocessing = 0;
		};
/* End PBXResourcesBuildPhase section */

/* Begin PBXShellScriptBuildPhase section */
		711CD65F1BAC655855A6B545 /* Check Pods Manifest.lock */ = {
			isa = PBXShellScriptBuildPhase;
			buildActionMask = 2147483647;
			files = (
			);
			inputPaths = (
			);
			name = "Check Pods Manifest.lock";
			outputPaths = (
			);
			runOnlyForDeploymentPostprocessing = 0;
			shellPath = /bin/sh;
			shellScript = "diff \"${PODS_ROOT}/../Podfile.lock\" \"${PODS_ROOT}/Manifest.lock\" > /dev/null\nif [[ $? != 0 ]] ; then\n    cat << EOM\nerror: The sandbox is not in sync with the Podfile.lock. Run 'pod install' or update your CocoaPods installation.\nEOM\n    exit 1\nfi\n";
			showEnvVarsInLog = 0;
		};
		D85561FFC249F245003D90C7 /* Copy Pods Resources */ = {
			isa = PBXShellScriptBuildPhase;
			buildActionMask = 2147483647;
			files = (
			);
			inputPaths = (
			);
			name = "Copy Pods Resources";
			outputPaths = (
			);
			runOnlyForDeploymentPostprocessing = 0;
			shellPath = /bin/sh;
			shellScript = "\"${SRCROOT}/Pods/Target Support Files/Pods/Pods-resources.sh\"\n";
			showEnvVarsInLog = 0;
		};
/* End PBXShellScriptBuildPhase section */

/* Begin PBXSourcesBuildPhase section */
		BBBD12111B567D5D0011CC6D /* Sources */ = {
			isa = PBXSourcesBuildPhase;
			buildActionMask = 2147483647;
			files = (
				BBF4D3021B6A505600196F8E /* TappableBoltSprite.swift in Sources */,
				BB97C21A1B72D39C0066FF34 /* MultiplayerScene.swift in Sources */,
				BBBF0CA61B657DFA008EA651 /* TappyBaseImages.swift in Sources */,
				BBBF0CA11B657C84008EA651 /* FirebaseSprite.swift in Sources */,
				BBBF0C9F1B64423F008EA651 /* CloudSprite.swift in Sources */,
				BBBF0CCB1B66BC28008EA651 /* UpdateIntervalScene.swift in Sources */,
				BB30123E1B6FB3A700E95D40 /* GameSummary.swift in Sources */,
				BBBD12551B568FD10011CC6D /* FirebaseNode.swift in Sources */,
				BBBF0CB11B668F30008EA651 /* CloudScene.swift in Sources */,
				BB97C2231B738B9D0066FF34 /* FadingLabel.swift in Sources */,
				BBBF0CC31B66AB8D008EA651 /* PlayButton.swift in Sources */,
				BB97C2211B738B110066FF34 /* FindingLabel.swift in Sources */,
				BB97C21C1B7381CE0066FF34 /* MatchmakingScene.swift in Sources */,
				BBBF0CB51B669664008EA651 /* GradientNode.swift in Sources */,
				BB3012421B6FB71200E95D40 /* TappableMainLabel.swift in Sources */,
				BBF4D3041B6A5B9900196F8E /* PauseButton.swift in Sources */,
				BBBD12531B568F920011CC6D /* FirebaseSpriteNode.swift in Sources */,
				BBBD121F1B567D5D0011CC6D /* TitleGameScene.swift in Sources */,
				BBBF0CC11B66AB5A008EA651 /* FirebaseCloudScene.swift in Sources */,
				BB30123C1B6FB2B900E95D40 /* MainLabelNode.swift in Sources */,
				BBBF0CAF1B668901008EA651 /* TappableNode.swift in Sources */,
				BBF4D30F1B6C092F00196F8E /* TappyBaseStages.swift in Sources */,
				BBBD12211B567D5D0011CC6D /* GameViewController.swift in Sources */,
				BBBF0CC51B66AC00008EA651 /* TappBaseFonts.swift in Sources */,
				BBBD12571B569AF90011CC6D /* MainGameScene.swift in Sources */,
				BB97C2251B7390300066FF34 /* MainFontLabel.swift in Sources */,
				BBBD121B1B567D5D0011CC6D /* AppDelegate.swift in Sources */,
				BB97C2151B723BFA0066FF34 /* SinglePlayerHud.swift in Sources */,
				BB97C2271B7396E40066FF34 /* MatchLabel.swift in Sources */,
				BBBF0CA81B657E3C008EA651 /* TappyBaseSounds.swift in Sources */,
				BBBD12501B568C530011CC6D /* Helpers.swift in Sources */,
				BBBF0CCD1B66BF1B008EA651 /* Player.swift in Sources */,
				BBA138381B5B3D63005FAEEC /* GameOverScene.swift in Sources */,
				BB9247761B58781C00138AAD /* FirebasePlayer.swift in Sources */,
				BBF4D2FC1B67C55D00196F8E /* BoltSprite.swift in Sources */,
				BBBF0CAA1B657E93008EA651 /* SKTexture.swift in Sources */,
				BBBF0CB71B669F39008EA651 /* TappableScene.swift in Sources */,
				BBF4D3071B6B51FC00196F8E /* Stage.swift in Sources */,
				BBBF0CD31B67A1A2008EA651 /* Game.swift in Sources */,
				BB97C21E1B73897E0066FF34 /* TappyBaseActions.swift in Sources */,
				BBBF0CD11B67A0F9008EA651 /* TappableFirebaseSprite.swift in Sources */,
				BBBF0CC91B66AD68008EA651 /* TitleLabel.swift in Sources */,
				BBBF0CA41B657DDA008EA651 /* TappyBaseColors.swift in Sources */,
				BBBF0CAC1B667DB3008EA651 /* SinglePlayerScene.swift in Sources */,
			);
			runOnlyForDeploymentPostprocessing = 0;
		};
		BBBD122A1B567D5D0011CC6D /* Sources */ = {
			isa = PBXSourcesBuildPhase;
			buildActionMask = 2147483647;
			files = (
				BBBD12351B567D5D0011CC6D /* TappyBaseTests.swift in Sources */,
			);
			runOnlyForDeploymentPostprocessing = 0;
		};
/* End PBXSourcesBuildPhase section */

/* Begin PBXTargetDependency section */
		BBBD12301B567D5D0011CC6D /* PBXTargetDependency */ = {
			isa = PBXTargetDependency;
			target = BBBD12141B567D5D0011CC6D /* TappyBase */;
			targetProxy = BBBD122F1B567D5D0011CC6D /* PBXContainerItemProxy */;
		};
/* End PBXTargetDependency section */

/* Begin PBXVariantGroup section */
		BBBD12221B567D5D0011CC6D /* Main.storyboard */ = {
			isa = PBXVariantGroup;
			children = (
				BBBD12231B567D5D0011CC6D /* Base */,
			);
			name = Main.storyboard;
			path = TappyBase;
			sourceTree = "<group>";
		};
		BBBD12271B567D5D0011CC6D /* LaunchScreen.xib */ = {
			isa = PBXVariantGroup;
			children = (
				BBBD12281B567D5D0011CC6D /* Base */,
			);
			name = LaunchScreen.xib;
			path = TappyBase;
			sourceTree = "<group>";
		};
/* End PBXVariantGroup section */

/* Begin XCBuildConfiguration section */
		BBBD12361B567D5D0011CC6D /* Debug */ = {
			isa = XCBuildConfiguration;
			buildSettings = {
				ALWAYS_SEARCH_USER_PATHS = NO;
				CLANG_CXX_LANGUAGE_STANDARD = "gnu++0x";
				CLANG_CXX_LIBRARY = "libc++";
				CLANG_ENABLE_MODULES = YES;
				CLANG_ENABLE_OBJC_ARC = YES;
				CLANG_WARN_BOOL_CONVERSION = YES;
				CLANG_WARN_CONSTANT_CONVERSION = YES;
				CLANG_WARN_DIRECT_OBJC_ISA_USAGE = YES_ERROR;
				CLANG_WARN_EMPTY_BODY = YES;
				CLANG_WARN_ENUM_CONVERSION = YES;
				CLANG_WARN_INT_CONVERSION = YES;
				CLANG_WARN_OBJC_ROOT_CLASS = YES_ERROR;
				CLANG_WARN_UNREACHABLE_CODE = YES;
				CLANG_WARN__DUPLICATE_METHOD_MATCH = YES;
				"CODE_SIGN_IDENTITY[sdk=iphoneos*]" = "iPhone Developer";
				COPY_PHASE_STRIP = NO;
				DEBUG_INFORMATION_FORMAT = "dwarf-with-dsym";
				ENABLE_STRICT_OBJC_MSGSEND = YES;
				GCC_C_LANGUAGE_STANDARD = gnu99;
				GCC_DYNAMIC_NO_PIC = NO;
				GCC_NO_COMMON_BLOCKS = YES;
				GCC_OPTIMIZATION_LEVEL = 0;
				GCC_PREPROCESSOR_DEFINITIONS = (
					"DEBUG=1",
					"$(inherited)",
				);
				GCC_SYMBOLS_PRIVATE_EXTERN = NO;
				GCC_WARN_64_TO_32_BIT_CONVERSION = YES;
				GCC_WARN_ABOUT_RETURN_TYPE = YES_ERROR;
				GCC_WARN_UNDECLARED_SELECTOR = YES;
				GCC_WARN_UNINITIALIZED_AUTOS = YES_AGGRESSIVE;
				GCC_WARN_UNUSED_FUNCTION = YES;
				GCC_WARN_UNUSED_VARIABLE = YES;
				IPHONEOS_DEPLOYMENT_TARGET = 8.4;
				MTL_ENABLE_DEBUG_INFO = YES;
				ONLY_ACTIVE_ARCH = YES;
				SDKROOT = iphoneos;
				SWIFT_OPTIMIZATION_LEVEL = "-Onone";
			};
			name = Debug;
		};
		BBBD12371B567D5D0011CC6D /* Release */ = {
			isa = XCBuildConfiguration;
			buildSettings = {
				ALWAYS_SEARCH_USER_PATHS = NO;
				CLANG_CXX_LANGUAGE_STANDARD = "gnu++0x";
				CLANG_CXX_LIBRARY = "libc++";
				CLANG_ENABLE_MODULES = YES;
				CLANG_ENABLE_OBJC_ARC = YES;
				CLANG_WARN_BOOL_CONVERSION = YES;
				CLANG_WARN_CONSTANT_CONVERSION = YES;
				CLANG_WARN_DIRECT_OBJC_ISA_USAGE = YES_ERROR;
				CLANG_WARN_EMPTY_BODY = YES;
				CLANG_WARN_ENUM_CONVERSION = YES;
				CLANG_WARN_INT_CONVERSION = YES;
				CLANG_WARN_OBJC_ROOT_CLASS = YES_ERROR;
				CLANG_WARN_UNREACHABLE_CODE = YES;
				CLANG_WARN__DUPLICATE_METHOD_MATCH = YES;
				"CODE_SIGN_IDENTITY[sdk=iphoneos*]" = "iPhone Developer";
				COPY_PHASE_STRIP = NO;
				DEBUG_INFORMATION_FORMAT = "dwarf-with-dsym";
				ENABLE_NS_ASSERTIONS = NO;
				ENABLE_STRICT_OBJC_MSGSEND = YES;
				GCC_C_LANGUAGE_STANDARD = gnu99;
				GCC_NO_COMMON_BLOCKS = YES;
				GCC_WARN_64_TO_32_BIT_CONVERSION = YES;
				GCC_WARN_ABOUT_RETURN_TYPE = YES_ERROR;
				GCC_WARN_UNDECLARED_SELECTOR = YES;
				GCC_WARN_UNINITIALIZED_AUTOS = YES_AGGRESSIVE;
				GCC_WARN_UNUSED_FUNCTION = YES;
				GCC_WARN_UNUSED_VARIABLE = YES;
				IPHONEOS_DEPLOYMENT_TARGET = 8.4;
				MTL_ENABLE_DEBUG_INFO = NO;
				SDKROOT = iphoneos;
				VALIDATE_PRODUCT = YES;
			};
			name = Release;
		};
		BBBD12391B567D5D0011CC6D /* Debug */ = {
			isa = XCBuildConfiguration;
			baseConfigurationReference = EABE7DB0FA3C0CB3E5ADC377 /* Pods.debug.xcconfig */;
			buildSettings = {
				ASSETCATALOG_COMPILER_APPICON_NAME = AppIcon;
				CLANG_ENABLE_MODULES = YES;
				INFOPLIST_FILE = TappyBase/Info.plist;
				LD_RUNPATH_SEARCH_PATHS = "$(inherited) @executable_path/Frameworks";
				PRODUCT_NAME = "$(TARGET_NAME)";
				SWIFT_OBJC_BRIDGING_HEADER = "TappyBase/TappyBase-Bridging-Header.h";
				SWIFT_OPTIMIZATION_LEVEL = "-Onone";
			};
			name = Debug;
		};
		BBBD123A1B567D5D0011CC6D /* Release */ = {
			isa = XCBuildConfiguration;
			baseConfigurationReference = 47454BC61F3F63F7B5952D28 /* Pods.release.xcconfig */;
			buildSettings = {
				ASSETCATALOG_COMPILER_APPICON_NAME = AppIcon;
				CLANG_ENABLE_MODULES = YES;
				INFOPLIST_FILE = TappyBase/Info.plist;
				LD_RUNPATH_SEARCH_PATHS = "$(inherited) @executable_path/Frameworks";
				PRODUCT_NAME = "$(TARGET_NAME)";
				SWIFT_OBJC_BRIDGING_HEADER = "TappyBase/TappyBase-Bridging-Header.h";
			};
			name = Release;
		};
		BBBD123C1B567D5D0011CC6D /* Debug */ = {
			isa = XCBuildConfiguration;
			buildSettings = {
				BUNDLE_LOADER = "$(TEST_HOST)";
				FRAMEWORK_SEARCH_PATHS = (
					"$(SDKROOT)/Developer/Library/Frameworks",
					"$(inherited)",
				);
				GCC_PREPROCESSOR_DEFINITIONS = (
					"DEBUG=1",
					"$(inherited)",
				);
				INFOPLIST_FILE = TappyBaseTests/Info.plist;
				LD_RUNPATH_SEARCH_PATHS = "$(inherited) @executable_path/Frameworks @loader_path/Frameworks";
				PRODUCT_NAME = "$(TARGET_NAME)";
				TEST_HOST = "$(BUILT_PRODUCTS_DIR)/TappyBase.app/TappyBase";
			};
			name = Debug;
		};
		BBBD123D1B567D5D0011CC6D /* Release */ = {
			isa = XCBuildConfiguration;
			buildSettings = {
				BUNDLE_LOADER = "$(TEST_HOST)";
				FRAMEWORK_SEARCH_PATHS = (
					"$(SDKROOT)/Developer/Library/Frameworks",
					"$(inherited)",
				);
				INFOPLIST_FILE = TappyBaseTests/Info.plist;
				LD_RUNPATH_SEARCH_PATHS = "$(inherited) @executable_path/Frameworks @loader_path/Frameworks";
				PRODUCT_NAME = "$(TARGET_NAME)";
				TEST_HOST = "$(BUILT_PRODUCTS_DIR)/TappyBase.app/TappyBase";
			};
			name = Release;
		};
/* End XCBuildConfiguration section */

/* Begin XCConfigurationList section */
		BBBD12101B567D5D0011CC6D /* Build configuration list for PBXProject "TappyBase" */ = {
			isa = XCConfigurationList;
			buildConfigurations = (
				BBBD12361B567D5D0011CC6D /* Debug */,
				BBBD12371B567D5D0011CC6D /* Release */,
			);
			defaultConfigurationIsVisible = 0;
			defaultConfigurationName = Release;
		};
		BBBD12381B567D5D0011CC6D /* Build configuration list for PBXNativeTarget "TappyBase" */ = {
			isa = XCConfigurationList;
			buildConfigurations = (
				BBBD12391B567D5D0011CC6D /* Debug */,
				BBBD123A1B567D5D0011CC6D /* Release */,
			);
			defaultConfigurationIsVisible = 0;
			defaultConfigurationName = Release;
		};
		BBBD123B1B567D5D0011CC6D /* Build configuration list for PBXNativeTarget "TappyBaseTests" */ = {
			isa = XCConfigurationList;
			buildConfigurations = (
				BBBD123C1B567D5D0011CC6D /* Debug */,
				BBBD123D1B567D5D0011CC6D /* Release */,
			);
			defaultConfigurationIsVisible = 0;
			defaultConfigurationName = Release;
		};
/* End XCConfigurationList section */
	};
	rootObject = BBBD120D1B567D5D0011CC6D /* Project object */;
}
